// !$*UTF8*$!
{
	archiveVersion = 1;
	classes = {
	};
	objectVersion = 50;
	objects = {

/* Begin PBXBuildFile section */
		6319B97C23E382AC005ADFBD /* AppDelegate.swift in Sources */ = {isa = PBXBuildFile; fileRef = 6319B97B23E382AC005ADFBD /* AppDelegate.swift */; };
		6319B97E23E382AC005ADFBD /* SceneDelegate.swift in Sources */ = {isa = PBXBuildFile; fileRef = 6319B97D23E382AC005ADFBD /* SceneDelegate.swift */; };
		6319B98023E382AC005ADFBD /* ViewController.swift in Sources */ = {isa = PBXBuildFile; fileRef = 6319B97F23E382AC005ADFBD /* ViewController.swift */; };
		6319B98323E382AC005ADFBD /* Main.storyboard in Resources */ = {isa = PBXBuildFile; fileRef = 6319B98123E382AC005ADFBD /* Main.storyboard */; };
		6319B98523E382B0005ADFBD /* Assets.xcassets in Resources */ = {isa = PBXBuildFile; fileRef = 6319B98423E382B0005ADFBD /* Assets.xcassets */; };
		6319B98823E382B0005ADFBD /* LaunchScreen.storyboard in Resources */ = {isa = PBXBuildFile; fileRef = 6319B98623E382B0005ADFBD /* LaunchScreen.storyboard */; };
		6319B99323E382B0005ADFBD /* i2020_01_30aTests.swift in Sources */ = {isa = PBXBuildFile; fileRef = 6319B99223E382B0005ADFBD /* i2020_01_30aTests.swift */; };
		6319B99E23E382B0005ADFBD /* i2020_01_30aUITests.swift in Sources */ = {isa = PBXBuildFile; fileRef = 6319B99D23E382B0005ADFBD /* i2020_01_30aUITests.swift */; };
		6319B9AC23E383B0005ADFBD /* ToViewController.swift in Sources */ = {isa = PBXBuildFile; fileRef = 6319B9AB23E383B0005ADFBD /* ToViewController.swift */; };
/* End PBXBuildFile section */

/* Begin PBXContainerItemProxy section */
		6319B98F23E382B0005ADFBD /* PBXContainerItemProxy */ = {
			isa = PBXContainerItemProxy;
			containerPortal = 6319B97023E382AC005ADFBD /* Project object */;
			proxyType = 1;
			remoteGlobalIDString = 6319B97723E382AC005ADFBD;
			remoteInfo = i2020_01_30a;
		};
		6319B99A23E382B0005ADFBD /* PBXContainerItemProxy */ = {
			isa = PBXContainerItemProxy;
			containerPortal = 6319B97023E382AC005ADFBD /* Project object */;
			proxyType = 1;
			remoteGlobalIDString = 6319B97723E382AC005ADFBD;
			remoteInfo = i2020_01_30a;
		};
/* End PBXContainerItemProxy section */

/* Begin PBXFileReference section */
		6319B97823E382AC005ADFBD /* i2020_01_30a.app */ = {isa = PBXFileReference; explicitFileType = wrapper.application; includeInIndex = 0; path = i2020_01_30a.app; sourceTree = BUILT_PRODUCTS_DIR; };
		6319B97B23E382AC005ADFBD /* AppDelegate.swift */ = {isa = PBXFileReference; lastKnownFileType = sourcecode.swift; path = AppDelegate.swift; sourceTree = "<group>"; };
		6319B97D23E382AC005ADFBD /* SceneDelegate.swift */ = {isa = PBXFileReference; lastKnownFileType = sourcecode.swift; path = SceneDelegate.swift; sourceTree = "<group>"; };
		6319B97F23E382AC005ADFBD /* ViewController.swift */ = {isa = PBXFileReference; lastKnownFileType = sourcecode.swift; path = ViewController.swift; sourceTree = "<group>"; };
		6319B98223E382AC005ADFBD /* Base */ = {isa = PBXFileReference; lastKnownFileType = file.storyboard; name = Base; path = Base.lproj/Main.storyboard; sourceTree = "<group>"; };
		6319B98423E382B0005ADFBD /* Assets.xcassets */ = {isa = PBXFileReference; lastKnownFileType = folder.assetcatalog; path = Assets.xcassets; sourceTree = "<group>"; };
		6319B98723E382B0005ADFBD /* Base */ = {isa = PBXFileReference; lastKnownFileType = file.storyboard; name = Base; path = Base.lproj/LaunchScreen.storyboard; sourceTree = "<group>"; };
		6319B98923E382B0005ADFBD /* Info.plist */ = {isa = PBXFileReference; lastKnownFileType = text.plist.xml; path = Info.plist; sourceTree = "<group>"; };
		6319B98E23E382B0005ADFBD /* i2020_01_30aTests.xctest */ = {isa = PBXFileReference; explicitFileType = wrapper.cfbundle; includeInIndex = 0; path = i2020_01_30aTests.xctest; sourceTree = BUILT_PRODUCTS_DIR; };
		6319B99223E382B0005ADFBD /* i2020_01_30aTests.swift */ = {isa = PBXFileReference; lastKnownFileType = sourcecode.swift; path = i2020_01_30aTests.swift; sourceTree = "<group>"; };
		6319B99423E382B0005ADFBD /* Info.plist */ = {isa = PBXFileReference; lastKnownFileType = text.plist.xml; path = Info.plist; sourceTree = "<group>"; };
		6319B99923E382B0005ADFBD /* i2020_01_30aUITests.xctest */ = {isa = PBXFileReference; explicitFileType = wrapper.cfbundle; includeInIndex = 0; path = i2020_01_30aUITests.xctest; sourceTree = BUILT_PRODUCTS_DIR; };
		6319B99D23E382B0005ADFBD /* i2020_01_30aUITests.swift */ = {isa = PBXFileReference; lastKnownFileType = sourcecode.swift; path = i2020_01_30aUITests.swift; sourceTree = "<group>"; };
		6319B99F23E382B0005ADFBD /* Info.plist */ = {isa = PBXFileReference; lastKnownFileType = text.plist.xml; path = Info.plist; sourceTree = "<group>"; };
		6319B9AB23E383B0005ADFBD /* ToViewController.swift */ = {isa = PBXFileReference; lastKnownFileType = sourcecode.swift; path = ToViewController.swift; sourceTree = "<group>"; };
		6319B9AF23E765A1005ADFBD /* i2020_01_30a.entitlements */ = {isa = PBXFileReference; lastKnownFileType = text.plist.entitlements; path = i2020_01_30a.entitlements; sourceTree = "<group>"; };
/* End PBXFileReference section */

/* Begin PBXFrameworksBuildPhase section */
		6319B97523E382AC005ADFBD /* Frameworks */ = {
			isa = PBXFrameworksBuildPhase;
			buildActionMask = 2147483647;
			files = (
			);
			runOnlyForDeploymentPostprocessing = 0;
		};
		6319B98B23E382B0005ADFBD /* Frameworks */ = {
			isa = PBXFrameworksBuildPhase;
			buildActionMask = 2147483647;
			files = (
			);
			runOnlyForDeploymentPostprocessing = 0;
		};
		6319B99623E382B0005ADFBD /* Frameworks */ = {
			isa = PBXFrameworksBuildPhase;
			buildActionMask = 2147483647;
			files = (
			);
			runOnlyForDeploymentPostprocessing = 0;
		};
/* End PBXFrameworksBuildPhase section */

/* Begin PBXGroup section */
		6319B96F23E382AC005ADFBD = {
			isa = PBXGroup;
			children = (
				6319B97A23E382AC005ADFBD /* i2020_01_30a */,
				6319B99123E382B0005ADFBD /* i2020_01_30aTests */,
				6319B99C23E382B0005ADFBD /* i2020_01_30aUITests */,
				6319B97923E382AC005ADFBD /* Products */,
			);
			sourceTree = "<group>";
		};
		6319B97923E382AC005ADFBD /* Products */ = {
			isa = PBXGroup;
			children = (
				6319B97823E382AC005ADFBD /* i2020_01_30a.app */,
				6319B98E23E382B0005ADFBD /* i2020_01_30aTests.xctest */,
				6319B99923E382B0005ADFBD /* i2020_01_30aUITests.xctest */,
			);
			name = Products;
			sourceTree = "<group>";
		};
		6319B97A23E382AC005ADFBD /* i2020_01_30a */ = {
			isa = PBXGroup;
			children = (
				6319B9AF23E765A1005ADFBD /* i2020_01_30a.entitlements */,
				6319B97B23E382AC005ADFBD /* AppDelegate.swift */,
				6319B97D23E382AC005ADFBD /* SceneDelegate.swift */,
				6319B97F23E382AC005ADFBD /* ViewController.swift */,
				6319B9AB23E383B0005ADFBD /* ToViewController.swift */,
				6319B98123E382AC005ADFBD /* Main.storyboard */,
				6319B98423E382B0005ADFBD /* Assets.xcassets */,
				6319B98623E382B0005ADFBD /* LaunchScreen.storyboard */,
				6319B98923E382B0005ADFBD /* Info.plist */,
			);
			path = i2020_01_30a;
			sourceTree = "<group>";
		};
		6319B99123E382B0005ADFBD /* i2020_01_30aTests */ = {
			isa = PBXGroup;
			children = (
				6319B99223E382B0005ADFBD /* i2020_01_30aTests.swift */,
				6319B99423E382B0005ADFBD /* Info.plist */,
			);
			path = i2020_01_30aTests;
			sourceTree = "<group>";
		};
		6319B99C23E382B0005ADFBD /* i2020_01_30aUITests */ = {
			isa = PBXGroup;
			children = (
				6319B99D23E382B0005ADFBD /* i2020_01_30aUITests.swift */,
				6319B99F23E382B0005ADFBD /* Info.plist */,
			);
			path = i2020_01_30aUITests;
			sourceTree = "<group>";
		};
/* End PBXGroup section */

/* Begin PBXNativeTarget section */
		6319B97723E382AC005ADFBD /* i2020_01_30a */ = {
			isa = PBXNativeTarget;
			buildConfigurationList = 6319B9A223E382B0005ADFBD /* Build configuration list for PBXNativeTarget "i2020_01_30a" */;
			buildPhases = (
				6319B97423E382AC005ADFBD /* Sources */,
				6319B97523E382AC005ADFBD /* Frameworks */,
				6319B97623E382AC005ADFBD /* Resources */,
			);
			buildRules = (
			);
			dependencies = (
			);
			name = i2020_01_30a;
			productName = i2020_01_30a;
			productReference = 6319B97823E382AC005ADFBD /* i2020_01_30a.app */;
			productType = "com.apple.product-type.application";
		};
		6319B98D23E382B0005ADFBD /* i2020_01_30aTests */ = {
			isa = PBXNativeTarget;
			buildConfigurationList = 6319B9A523E382B0005ADFBD /* Build configuration list for PBXNativeTarget "i2020_01_30aTests" */;
			buildPhases = (
				6319B98A23E382B0005ADFBD /* Sources */,
				6319B98B23E382B0005ADFBD /* Frameworks */,
				6319B98C23E382B0005ADFBD /* Resources */,
			);
			buildRules = (
			);
			dependencies = (
				6319B99023E382B0005ADFBD /* PBXTargetDependency */,
			);
			name = i2020_01_30aTests;
			productName = i2020_01_30aTests;
			productReference = 6319B98E23E382B0005ADFBD /* i2020_01_30aTests.xctest */;
			productType = "com.apple.product-type.bundle.unit-test";
		};
		6319B99823E382B0005ADFBD /* i2020_01_30aUITests */ = {
			isa = PBXNativeTarget;
			buildConfigurationList = 6319B9A823E382B0005ADFBD /* Build configuration list for PBXNativeTarget "i2020_01_30aUITests" */;
			buildPhases = (
				6319B99523E382B0005ADFBD /* Sources */,
				6319B99623E382B0005ADFBD /* Frameworks */,
				6319B99723E382B0005ADFBD /* Resources */,
			);
			buildRules = (
			);
			dependencies = (
				6319B99B23E382B0005ADFBD /* PBXTargetDependency */,
			);
			name = i2020_01_30aUITests;
			productName = i2020_01_30aUITests;
			productReference = 6319B99923E382B0005ADFBD /* i2020_01_30aUITests.xctest */;
			productType = "com.apple.product-type.bundle.ui-testing";
		};
/* End PBXNativeTarget section */

/* Begin PBXProject section */
		6319B97023E382AC005ADFBD /* Project object */ = {
			isa = PBXProject;
			attributes = {
				LastSwiftUpdateCheck = 1130;
				LastUpgradeCheck = 1130;
				ORGANIZATIONNAME = "David Tran";
				TargetAttributes = {
					6319B97723E382AC005ADFBD = {
						CreatedOnToolsVersion = 11.3.1;
					};
					6319B98D23E382B0005ADFBD = {
						CreatedOnToolsVersion = 11.3.1;
						TestTargetID = 6319B97723E382AC005ADFBD;
					};
					6319B99823E382B0005ADFBD = {
						CreatedOnToolsVersion = 11.3.1;
						TestTargetID = 6319B97723E382AC005ADFBD;
					};
				};
			};
			buildConfigurationList = 6319B97323E382AC005ADFBD /* Build configuration list for PBXProject "i2020_01_30a" */;
			compatibilityVersion = "Xcode 9.3";
			developmentRegion = en;
			hasScannedForEncodings = 0;
			knownRegions = (
				en,
				Base,
			);
			mainGroup = 6319B96F23E382AC005ADFBD;
			productRefGroup = 6319B97923E382AC005ADFBD /* Products */;
			projectDirPath = "";
			projectRoot = "";
			targets = (
				6319B97723E382AC005ADFBD /* i2020_01_30a */,
				6319B98D23E382B0005ADFBD /* i2020_01_30aTests */,
				6319B99823E382B0005ADFBD /* i2020_01_30aUITests */,
			);
		};
/* End PBXProject section */

/* Begin PBXResourcesBuildPhase section */
		6319B97623E382AC005ADFBD /* Resources */ = {
			isa = PBXResourcesBuildPhase;
			buildActionMask = 2147483647;
			files = (
				6319B98823E382B0005ADFBD /* LaunchScreen.storyboard in Resources */,
				6319B98523E382B0005ADFBD /* Assets.xcassets in Resources */,
				6319B98323E382AC005ADFBD /* Main.storyboard in Resources */,
			);
			runOnlyForDeploymentPostprocessing = 0;
		};
		6319B98C23E382B0005ADFBD /* Resources */ = {
			isa = PBXResourcesBuildPhase;
			buildActionMask = 2147483647;
			files = (
			);
			runOnlyForDeploymentPostprocessing = 0;
		};
		6319B99723E382B0005ADFBD /* Resources */ = {
			isa = PBXResourcesBuildPhase;
			buildActionMask = 2147483647;
			files = (
			);
			runOnlyForDeploymentPostprocessing = 0;
		};
/* End PBXResourcesBuildPhase section */

/* Begin PBXSourcesBuildPhase section */
		6319B97423E382AC005ADFBD /* Sources */ = {
			isa = PBXSourcesBuildPhase;
			buildActionMask = 2147483647;
			files = (
				6319B98023E382AC005ADFBD /* ViewController.swift in Sources */,
				6319B97C23E382AC005ADFBD /* AppDelegate.swift in Sources */,
				6319B97E23E382AC005ADFBD /* SceneDelegate.swift in Sources */,
				6319B9AC23E383B0005ADFBD /* ToViewController.swift in Sources */,
			);
			runOnlyForDeploymentPostprocessing = 0;
		};
		6319B98A23E382B0005ADFBD /* Sources */ = {
			isa = PBXSourcesBuildPhase;
			buildActionMask = 2147483647;
			files = (
				6319B99323E382B0005ADFBD /* i2020_01_30aTests.swift in Sources */,
			);
			runOnlyForDeploymentPostprocessing = 0;
		};
		6319B99523E382B0005ADFBD /* Sources */ = {
			isa = PBXSourcesBuildPhase;
			buildActionMask = 2147483647;
			files = (
				6319B99E23E382B0005ADFBD /* i2020_01_30aUITests.swift in Sources */,
			);
			runOnlyForDeploymentPostprocessing = 0;
		};
/* End PBXSourcesBuildPhase section */

/* Begin PBXTargetDependency section */
		6319B99023E382B0005ADFBD /* PBXTargetDependency */ = {
			isa = PBXTargetDependency;
			target = 6319B97723E382AC005ADFBD /* i2020_01_30a */;
			targetProxy = 6319B98F23E382B0005ADFBD /* PBXContainerItemProxy */;
		};
		6319B99B23E382B0005ADFBD /* PBXTargetDependency */ = {
			isa = PBXTargetDependency;
			target = 6319B97723E382AC005ADFBD /* i2020_01_30a */;
			targetProxy = 6319B99A23E382B0005ADFBD /* PBXContainerItemProxy */;
		};
/* End PBXTargetDependency section */

/* Begin PBXVariantGroup section */
		6319B98123E382AC005ADFBD /* Main.storyboard */ = {
			isa = PBXVariantGroup;
			children = (
				6319B98223E382AC005ADFBD /* Base */,
			);
			name = Main.storyboard;
			sourceTree = "<group>";
		};
		6319B98623E382B0005ADFBD /* LaunchScreen.storyboard */ = {
			isa = PBXVariantGroup;
			children = (
				6319B98723E382B0005ADFBD /* Base */,
			);
			name = LaunchScreen.storyboard;
			sourceTree = "<group>";
		};
/* End PBXVariantGroup section */

/* Begin XCBuildConfiguration section */
		6319B9A023E382B0005ADFBD /* Debug */ = {
			isa = XCBuildConfiguration;
			buildSettings = {
				ALWAYS_SEARCH_USER_PATHS = NO;
				CLANG_ANALYZER_NONNULL = YES;
				CLANG_ANALYZER_NUMBER_OBJECT_CONVERSION = YES_AGGRESSIVE;
				CLANG_CXX_LANGUAGE_STANDARD = "gnu++14";
				CLANG_CXX_LIBRARY = "libc++";
				CLANG_ENABLE_MODULES = YES;
				CLANG_ENABLE_OBJC_ARC = YES;
				CLANG_ENABLE_OBJC_WEAK = YES;
				CLANG_WARN_BLOCK_CAPTURE_AUTORELEASING = YES;
				CLANG_WARN_BOOL_CONVERSION = YES;
				CLANG_WARN_COMMA = YES;
				CLANG_WARN_CONSTANT_CONVERSION = YES;
				CLANG_WARN_DEPRECATED_OBJC_IMPLEMENTATIONS = YES;
				CLANG_WARN_DIRECT_OBJC_ISA_USAGE = YES_ERROR;
				CLANG_WARN_DOCUMENTATION_COMMENTS = YES;
				CLANG_WARN_EMPTY_BODY = YES;
				CLANG_WARN_ENUM_CONVERSION = YES;
				CLANG_WARN_INFINITE_RECURSION = YES;
				CLANG_WARN_INT_CONVERSION = YES;
				CLANG_WARN_NON_LITERAL_NULL_CONVERSION = YES;
				CLANG_WARN_OBJC_IMPLICIT_RETAIN_SELF = YES;
				CLANG_WARN_OBJC_LITERAL_CONVERSION = YES;
				CLANG_WARN_OBJC_ROOT_CLASS = YES_ERROR;
				CLANG_WARN_RANGE_LOOP_ANALYSIS = YES;
				CLANG_WARN_STRICT_PROTOTYPES = YES;
				CLANG_WARN_SUSPICIOUS_MOVE = YES;
				CLANG_WARN_UNGUARDED_AVAILABILITY = YES_AGGRESSIVE;
				CLANG_WARN_UNREACHABLE_CODE = YES;
				CLANG_WARN__DUPLICATE_METHOD_MATCH = YES;
				COPY_PHASE_STRIP = NO;
				DEBUG_INFORMATION_FORMAT = dwarf;
				ENABLE_STRICT_OBJC_MSGSEND = YES;
				ENABLE_TESTABILITY = YES;
				GCC_C_LANGUAGE_STANDARD = gnu11;
				GCC_DYNAMIC_NO_PIC = NO;
				GCC_NO_COMMON_BLOCKS = YES;
				GCC_OPTIMIZATION_LEVEL = 0;
				GCC_PREPROCESSOR_DEFINITIONS = (
					"DEBUG=1",
					"$(inherited)",
				);
				GCC_WARN_64_TO_32_BIT_CONVERSION = YES;
				GCC_WARN_ABOUT_RETURN_TYPE = YES_ERROR;
				GCC_WARN_UNDECLARED_SELECTOR = YES;
				GCC_WARN_UNINITIALIZED_AUTOS = YES_AGGRESSIVE;
				GCC_WARN_UNUSED_FUNCTION = YES;
				GCC_WARN_UNUSED_VARIABLE = YES;
				IPHONEOS_DEPLOYMENT_TARGET = 13.2;
				MTL_ENABLE_DEBUG_INFO = INCLUDE_SOURCE;
				MTL_FAST_MATH = YES;
				ONLY_ACTIVE_ARCH = YES;
				SDKROOT = iphoneos;
				SWIFT_ACTIVE_COMPILATION_CONDITIONS = DEBUG;
				SWIFT_OPTIMIZATION_LEVEL = "-Onone";
			};
			name = Debug;
		};
		6319B9A123E382B0005ADFBD /* Release */ = {
			isa = XCBuildConfiguration;
			buildSettings = {
				ALWAYS_SEARCH_USER_PATHS = NO;
				CLANG_ANALYZER_NONNULL = YES;
				CLANG_ANALYZER_NUMBER_OBJECT_CONVERSION = YES_AGGRESSIVE;
				CLANG_CXX_LANGUAGE_STANDARD = "gnu++14";
				CLANG_CXX_LIBRARY = "libc++";
				CLANG_ENABLE_MODULES = YES;
				CLANG_ENABLE_OBJC_ARC = YES;
				CLANG_ENABLE_OBJC_WEAK = YES;
				CLANG_WARN_BLOCK_CAPTURE_AUTORELEASING = YES;
				CLANG_WARN_BOOL_CONVERSION = YES;
				CLANG_WARN_COMMA = YES;
				CLANG_WARN_CONSTANT_CONVERSION = YES;
				CLANG_WARN_DEPRECATED_OBJC_IMPLEMENTATIONS = YES;
				CLANG_WARN_DIRECT_OBJC_ISA_USAGE = YES_ERROR;
				CLANG_WARN_DOCUMENTATION_COMMENTS = YES;
				CLANG_WARN_EMPTY_BODY = YES;
				CLANG_WARN_ENUM_CONVERSION = YES;
				CLANG_WARN_INFINITE_RECURSION = YES;
				CLANG_WARN_INT_CONVERSION = YES;
				CLANG_WARN_NON_LITERAL_NULL_CONVERSION = YES;
				CLANG_WARN_OBJC_IMPLICIT_RETAIN_SELF = YES;
				CLANG_WARN_OBJC_LITERAL_CONVERSION = YES;
				CLANG_WARN_OBJC_ROOT_CLASS = YES_ERROR;
				CLANG_WARN_RANGE_LOOP_ANALYSIS = YES;
				CLANG_WARN_STRICT_PROTOTYPES = YES;
				CLANG_WARN_SUSPICIOUS_MOVE = YES;
				CLANG_WARN_UNGUARDED_AVAILABILITY = YES_AGGRESSIVE;
				CLANG_WARN_UNREACHABLE_CODE = YES;
				CLANG_WARN__DUPLICATE_METHOD_MATCH = YES;
				COPY_PHASE_STRIP = NO;
				DEBUG_INFORMATION_FORMAT = "dwarf-with-dsym";
				ENABLE_NS_ASSERTIONS = NO;
				ENABLE_STRICT_OBJC_MSGSEND = YES;
				GCC_C_LANGUAGE_STANDARD = gnu11;
				GCC_NO_COMMON_BLOCKS = YES;
				GCC_WARN_64_TO_32_BIT_CONVERSION = YES;
				GCC_WARN_ABOUT_RETURN_TYPE = YES_ERROR;
				GCC_WARN_UNDECLARED_SELECTOR = YES;
				GCC_WARN_UNINITIALIZED_AUTOS = YES_AGGRESSIVE;
				GCC_WARN_UNUSED_FUNCTION = YES;
				GCC_WARN_UNUSED_VARIABLE = YES;
				IPHONEOS_DEPLOYMENT_TARGET = 13.2;
				MTL_ENABLE_DEBUG_INFO = NO;
				MTL_FAST_MATH = YES;
				SDKROOT = iphoneos;
				SWIFT_COMPILATION_MODE = wholemodule;
				SWIFT_OPTIMIZATION_LEVEL = "-O";
				VALIDATE_PRODUCT = YES;
			};
			name = Release;
		};
		6319B9A323E382B0005ADFBD /* Debug */ = {
			isa = XCBuildConfiguration;
			buildSettings = {
				ASSETCATALOG_COMPILER_APPICON_NAME = AppIcon;
				CODE_SIGN_ENTITLEMENTS = i2020_01_30a/i2020_01_30a.entitlements;
				CODE_SIGN_STYLE = Automatic;
				DEVELOPMENT_TEAM = U8KS4W2M7X;
				INFOPLIST_FILE = i2020_01_30a/Info.plist;
				LD_RUNPATH_SEARCH_PATHS = (
					"$(inherited)",
					"@executable_path/Frameworks",
				);
				PRODUCT_BUNDLE_IDENTIFIER = "DST.i2020-01-30a";
				PRODUCT_NAME = "$(TARGET_NAME)";
				SWIFT_VERSION = 5.0;
				TARGETED_DEVICE_FAMILY = "1,2";
			};
			name = Debug;
		};
		6319B9A423E382B0005ADFBD /* Release */ = {
			isa = XCBuildConfiguration;
			buildSettings = {
				ASSETCATALOG_COMPILER_APPICON_NAME = AppIcon;
				CODE_SIGN_ENTITLEMENTS = i2020_01_30a/i2020_01_30a.entitlements;
				CODE_SIGN_STYLE = Automatic;
				DEVELOPMENT_TEAM = U8KS4W2M7X;
				INFOPLIST_FILE = i2020_01_30a/Info.plist;
				LD_RUNPATH_SEARCH_PATHS = (
					"$(inherited)",
					"@executable_path/Frameworks",
				);
				PRODUCT_BUNDLE_IDENTIFIER = "DST.i2020-01-30a";
				PRODUCT_NAME = "$(TARGET_NAME)";
				SWIFT_VERSION = 5.0;
				TARGETED_DEVICE_FAMILY = "1,2";
			};
			name = Release;
		};
		6319B9A623E382B0005ADFBD /* Debug */ = {
			isa = XCBuildConfiguration;
			buildSettings = {
				ALWAYS_EMBED_SWIFT_STANDARD_LIBRARIES = YES;
				BUNDLE_LOADER = "$(TEST_HOST)";
				CODE_SIGN_STYLE = Automatic;
				INFOPLIST_FILE = i2020_01_30aTests/Info.plist;
				IPHONEOS_DEPLOYMENT_TARGET = 13.2;
				LD_RUNPATH_SEARCH_PATHS = (
					"$(inherited)",
					"@executable_path/Frameworks",
					"@loader_path/Frameworks",
				);
				PRODUCT_BUNDLE_IDENTIFIER = "DST.i2020-01-30aTests";
				PRODUCT_NAME = "$(TARGET_NAME)";
				SWIFT_VERSION = 5.0;
				TARGETED_DEVICE_FAMILY = "1,2";
				TEST_HOST = "$(BUILT_PRODUCTS_DIR)/i2020_01_30a.app/i2020_01_30a";
			};
			name = Debug;
		};
		6319B9A723E382B0005ADFBD /* Release */ = {
			isa = XCBuildConfiguration;
			buildSettings = {
				ALWAYS_EMBED_SWIFT_STANDARD_LIBRARIES = YES;
				BUNDLE_LOADER = "$(TEST_HOST)";
				CODE_SIGN_STYLE = Automatic;
				INFOPLIST_FILE = i2020_01_30aTests/Info.plist;
				IPHONEOS_DEPLOYMENT_TARGET = 13.2;
				LD_RUNPATH_SEARCH_PATHS = (
					"$(inherited)",
					"@executable_path/Frameworks",
					"@loader_path/Frameworks",
				);
				PRODUCT_BUNDLE_IDENTIFIER = "DST.i2020-01-30aTests";
				PRODUCT_NAME = "$(TARGET_NAME)";
				SWIFT_VERSION = 5.0;
				TARGETED_DEVICE_FAMILY = "1,2";
				TEST_HOST = "$(BUILT_PRODUCTS_DIR)/i2020_01_30a.app/i2020_01_30a";
			};
			name = Release;
		};
		6319B9A923E382B0005ADFBD /* Debug */ = {
			isa = XCBuildConfiguration;
			buildSettings = {
				ALWAYS_EMBED_SWIFT_STANDARD_LIBRARIES = YES;
				CODE_SIGN_STYLE = Automatic;
				INFOPLIST_FILE = i2020_01_30aUITests/Info.plist;
				LD_RUNPATH_SEARCH_PATHS = (
					"$(inherited)",
					"@executable_path/Frameworks",
					"@loader_path/Frameworks",
				);
				PRODUCT_BUNDLE_IDENTIFIER = "DST.i2020-01-30aUITests";
				PRODUCT_NAME = "$(TARGET_NAME)";
				SWIFT_VERSION = 5.0;
				TARGETED_DEVICE_FAMILY = "1,2";
				TEST_TARGET_NAME = i2020_01_30a;
			};
			name = Debug;
		};
		6319B9AA23E382B0005ADFBD /* Release */ = {
			isa = XCBuildConfiguration;
			buildSettings = {
				ALWAYS_EMBED_SWIFT_STANDARD_LIBRARIES = YES;
				CODE_SIGN_STYLE = Automatic;
				INFOPLIST_FILE = i2020_01_30aUITests/Info.plist;
				LD_RUNPATH_SEARCH_PATHS = (
					"$(inherited)",
					"@executable_path/Frameworks",
					"@loader_path/Frameworks",
				);
				PRODUCT_BUNDLE_IDENTIFIER = "DST.i2020-01-30aUITests";
				PRODUCT_NAME = "$(TARGET_NAME)";
				SWIFT_VERSION = 5.0;
				TARGETED_DEVICE_FAMILY = "1,2";
				TEST_TARGET_NAME = i2020_01_30a;
			};
			name = Release;
		};
/* End XCBuildConfiguration section */

/* Begin XCConfigurationList section */
		6319B97323E382AC005ADFBD /* Build configuration list for PBXProject "i2020_01_30a" */ = {
			isa = XCConfigurationList;
			buildConfigurations = (
				6319B9A023E382B0005ADFBD /* Debug */,
				6319B9A123E382B0005ADFBD /* Release */,
			);
			defaultConfigurationIsVisible = 0;
			defaultConfigurationName = Release;
		};
		6319B9A223E382B0005ADFBD /* Build configuration list for PBXNativeTarget "i2020_01_30a" */ = {
			isa = XCConfigurationList;
			buildConfigurations = (
				6319B9A323E382B0005ADFBD /* Debug */,
				6319B9A423E382B0005ADFBD /* Release */,
			);
			defaultConfigurationIsVisible = 0;
			defaultConfigurationName = Release;
		};
		6319B9A523E382B0005ADFBD /* Build configuration list for PBXNativeTarget "i2020_01_30aTests" */ = {
			isa = XCConfigurationList;
			buildConfigurations = (
				6319B9A623E382B0005ADFBD /* Debug */,
				6319B9A723E382B0005ADFBD /* Release */,
			);
			defaultConfigurationIsVisible = 0;
			defaultConfigurationName = Release;
		};
		6319B9A823E382B0005ADFBD /* Build configuration list for PBXNativeTarget "i2020_01_30aUITests" */ = {
			isa = XCConfigurationList;
			buildConfigurations = (
				6319B9A923E382B0005ADFBD /* Debug */,
				6319B9AA23E382B0005ADFBD /* Release */,
			);
			defaultConfigurationIsVisible = 0;
			defaultConfigurationName = Release;
		};
/* End XCConfigurationList section */
	};
	rootObject = 6319B97023E382AC005ADFBD /* Project object */;
}
